
Microsoft Visual Studio Solution File, Format Version 12.00
# Visual Studio 15
VisualStudioVersion = 15.0.26124.0
MinimumVisualStudioVersion = 15.0.26124.0
Project("{2150E333-8FDC-42A3-9474-1A3956D46DE8}") = "src", "src", "{0B24722A-0840-4B41-B7F8-37F8425716FC}"
EndProject
Project("{F2A71F9B-5D33-465A-A702-920D77279786}") = "aggregator", "src\aggregator\aggregator.fsproj", "{EC4DD260-E3FC-4D16-A230-32E8EA4687C8}"
EndProject
Global
	GlobalSection(SolutionConfigurationPlatforms) = preSolution
		Debug|Any CPU = Debug|Any CPU
		Debug|x64 = Debug|x64
		Debug|x86 = Debug|x86
		Release|Any CPU = Release|Any CPU
		Release|x64 = Release|x64
		Release|x86 = Release|x86
	EndGlobalSection
	GlobalSection(SolutionProperties) = preSolution
		HideSolutionNode = FALSE
	EndGlobalSection
	GlobalSection(ProjectConfigurationPlatforms) = postSolution
		{EC4DD260-E3FC-4D16-A230-32E8EA4687C8}.Debug|Any CPU.ActiveCfg = Debug|Any CPU
		{EC4DD260-E3FC-4D16-A230-32E8EA4687C8}.Debug|Any CPU.Build.0 = Debug|Any CPU
		{EC4DD260-E3FC-4D16-A230-32E8EA4687C8}.Debug|x64.ActiveCfg = Debug|x64
		{EC4DD260-E3FC-4D16-A230-32E8EA4687C8}.Debug|x64.Build.0 = Debug|x64
		{EC4DD260-E3FC-4D16-A230-32E8EA4687C8}.Debug|x86.ActiveCfg = Debug|x86
		{EC4DD260-E3FC-4D16-A230-32E8EA4687C8}.Debug|x86.Build.0 = Debug|x86
		{EC4DD260-E3FC-4D16-A230-32E8EA4687C8}.Release|Any CPU.ActiveCfg = Release|Any CPU
		{EC4DD260-E3FC-4D16-A230-32E8EA4687C8}.Release|Any CPU.Build.0 = Release|Any CPU
		{EC4DD260-E3FC-4D16-A230-32E8EA4687C8}.Release|x64.ActiveCfg = Release|x64
		{EC4DD260-E3FC-4D16-A230-32E8EA4687C8}.Release|x64.Build.0 = Release|x64
		{EC4DD260-E3FC-4D16-A230-32E8EA4687C8}.Release|x86.ActiveCfg = Release|x86
		{EC4DD260-E3FC-4D16-A230-32E8EA4687C8}.Release|x86.Build.0 = Release|x86
	EndGlobalSection
	GlobalSection(NestedProjects) = preSolution
		{EC4DD260-E3FC-4D16-A230-32E8EA4687C8} = {0B24722A-0840-4B41-B7F8-37F8425716FC}
	EndGlobalSection
EndGlobal
